
Microsoft Visual Studio Solution File, Format Version 12.00
# Visual Studio 15
VisualStudioVersion = 15.0.28307.421
MinimumVisualStudioVersion = 10.0.40219.1
Project("{FAE04EC0-301F-11D3-BF4B-00C04F79EFBC}") = "WebApplication", "WebApplication\WebApplication.csproj", "{645DD81A-AFBC-479B-9D98-1F97D6754A8D}"
EndProject
Global
	GlobalSection(SolutionConfigurationPlatforms) = preSolution
		Debug|Any CPU = Debug|Any CPU
		Release|Any CPU = Release|Any CPU
	EndGlobalSection
	GlobalSection(ProjectConfigurationPlatforms) = postSolution
		{645DD81A-AFBC-479B-9D98-1F97D6754A8D}.Debug|Any CPU.ActiveCfg = Debug|Any CPU
		{645DD81A-AFBC-479B-9D98-1F97D6754A8D}.Debug|Any CPU.Build.0 = Debug|Any CPU
		{645DD81A-AFBC-479B-9D98-1F97D6754A8D}.Release|Any CPU.ActiveCfg = Release|Any CPU
		{645DD81A-AFBC-479B-9D98-1F97D6754A8D}.Release|Any CPU.Build.0 = Release|Any CPU
	EndGlobalSection
	GlobalSection(SolutionProperties) = preSolution
		HideSolutionNode = FALSE
	EndGlobalSection
	GlobalSection(ExtensibilityGlobals) = postSolution
		SolutionGuid = {946D50BA-010D-454F-AC41-B8A367032246}
	EndGlobalSection
EndGlobal
